# This file is automatically @generated by Wally.
# It is not intended for manual editing.
registry = "test"

[[package]]
name = "howmanysmall/janitor"
version = "1.14.1"
dependencies = []

[[package]]
name = "prest/sensei"
version = "0.1.0"
dependencies = [["Input", "sleitnick/input@2.1.0"], ["Janitor", "howmanysmall/janitor@1.14.1"], ["Net", "vorlias/net@3.0.1"], ["Shake", "sleitnick/shake@0.1.5"], ["Signal", "sleitnick/signal@1.2.0"]]

[[package]]
name = "sleitnick/input"
version = "2.1.0"
dependencies = [["Signal", "sleitnick/signal@1.2.0"], ["Trove", "sleitnick/trove@0.4.1"]]

[[package]]
name = "sleitnick/shake"
version = "0.1.5"
dependencies = [["Trove", "sleitnick/trove@0.4.1"]]

[[package]]
name = "sleitnick/signal"
version = "1.2.0"
dependencies = []

[[package]]
name = "sleitnick/trove"
version = "0.4.1"
dependencies = []

[[package]]
name = "vorlias/net"
version = "3.0.1"
dependencies = []
